
Microsoft Visual Studio Solution File, Format Version 12.00
# Visual Studio Version 17
VisualStudioVersion = 17.13.35919.96
MinimumVisualStudioVersion = 10.0.40219.1
Project("{FAE04EC0-301F-11D3-BF4B-00C04F79EFBC}") = "Event-Management", "Event-Management\Event-Management.csproj", "{DB2408B0-529F-4216-A4D2-34D0EEC4B401}"
EndProject
Global
	GlobalSection(SolutionConfigurationPlatforms) = preSolution
		Debug|Any CPU = Debug|Any CPU
		Release|Any CPU = Release|Any CPU
	EndGlobalSection
	GlobalSection(ProjectConfigurationPlatforms) = postSolution
		{DB2408B0-529F-4216-A4D2-34D0EEC4B401}.Debug|Any CPU.ActiveCfg = Debug|Any CPU
		{DB2408B0-529F-4216-A4D2-34D0EEC4B401}.Debug|Any CPU.Build.0 = Debug|Any CPU
		{DB2408B0-529F-4216-A4D2-34D0EEC4B401}.Release|Any CPU.ActiveCfg = Release|Any CPU
		{DB2408B0-529F-4216-A4D2-34D0EEC4B401}.Release|Any CPU.Build.0 = Release|Any CPU
	EndGlobalSection
	GlobalSection(SolutionProperties) = preSolution
		HideSolutionNode = FALSE
	EndGlobalSection
	GlobalSection(ExtensibilityGlobals) = postSolution
		SolutionGuid = {03165FD4-CF6A-4E3B-85A6-1DA519E832A9}
	EndGlobalSection
EndGlobal
